
Microsoft Visual Studio Solution File, Format Version 12.00
# Visual Studio 15
VisualStudioVersion = 15.0.28307.136
MinimumVisualStudioVersion = 10.0.40219.1
Project("{FAE04EC0-301F-11D3-BF4B-00C04F79EFBC}") = "CursoTDD.DominioTest", "test\CursoTDDDominio.Test\CursoTDD.DominioTest.csproj", "{8E02B9AE-4775-4533-AFFC-69B9C83305EF}"
EndProject
Project("{FAE04EC0-301F-11D3-BF4B-00C04F79EFBC}") = "CursoTDD.Dominio", "src\CursoTDD.Dominio\CursoTDD.Dominio.csproj", "{C5815E21-1AE9-4D7B-82CD-BC9B5BB92882}"
EndProject
Global
	GlobalSection(SolutionConfigurationPlatforms) = preSolution
		Debug|Any CPU = Debug|Any CPU
		Release|Any CPU = Release|Any CPU
	EndGlobalSection
	GlobalSection(ProjectConfigurationPlatforms) = postSolution
		{8E02B9AE-4775-4533-AFFC-69B9C83305EF}.Debug|Any CPU.ActiveCfg = Debug|Any CPU
		{8E02B9AE-4775-4533-AFFC-69B9C83305EF}.Debug|Any CPU.Build.0 = Debug|Any CPU
		{8E02B9AE-4775-4533-AFFC-69B9C83305EF}.Release|Any CPU.ActiveCfg = Release|Any CPU
		{8E02B9AE-4775-4533-AFFC-69B9C83305EF}.Release|Any CPU.Build.0 = Release|Any CPU
		{C5815E21-1AE9-4D7B-82CD-BC9B5BB92882}.Debug|Any CPU.ActiveCfg = Debug|Any CPU
		{C5815E21-1AE9-4D7B-82CD-BC9B5BB92882}.Debug|Any CPU.Build.0 = Debug|Any CPU
		{C5815E21-1AE9-4D7B-82CD-BC9B5BB92882}.Release|Any CPU.ActiveCfg = Release|Any CPU
		{C5815E21-1AE9-4D7B-82CD-BC9B5BB92882}.Release|Any CPU.Build.0 = Release|Any CPU
	EndGlobalSection
	GlobalSection(SolutionProperties) = preSolution
		HideSolutionNode = FALSE
	EndGlobalSection
	GlobalSection(ExtensibilityGlobals) = postSolution
		SolutionGuid = {7110D1FA-C1FA-4894-BA34-04246E4D2B37}
	EndGlobalSection
EndGlobal
